// !$*UTF8*$!
{
	archiveVersion = 1;
	classes = {
	};
	objectVersion = 46;
	objects = {

/* Begin PBXBuildFile section */
		8FA68AB31B411941001B5282 /* AppDelegate.swift in Sources */ = {isa = PBXBuildFile; fileRef = 8FA68AB21B411941001B5282 /* AppDelegate.swift */; };
		8FA68AB51B411941001B5282 /* ViewController.swift in Sources */ = {isa = PBXBuildFile; fileRef = 8FA68AB41B411941001B5282 /* ViewController.swift */; };
		8FA68AB81B411941001B5282 /* Main.storyboard in Resources */ = {isa = PBXBuildFile; fileRef = 8FA68AB61B411941001B5282 /* Main.storyboard */; };
		8FA68ABA1B411941001B5282 /* Images.xcassets in Resources */ = {isa = PBXBuildFile; fileRef = 8FA68AB91B411941001B5282 /* Images.xcassets */; };
		8FA68ABD1B411941001B5282 /* LaunchScreen.xib in Resources */ = {isa = PBXBuildFile; fileRef = 8FA68ABB1B411941001B5282 /* LaunchScreen.xib */; };
		8FA68AC91B411941001B5282 /* MaterialButtonTests.swift in Sources */ = {isa = PBXBuildFile; fileRef = 8FA68AC81B411941001B5282 /* MaterialButtonTests.swift */; };
		8FA68AD31B41195A001B5282 /* MaterialButton.swift in Sources */ = {isa = PBXBuildFile; fileRef = 8FA68AD21B41195A001B5282 /* MaterialButton.swift */; };
		8FA68AD51B424491001B5282 /* SecondViewController.swift in Sources */ = {isa = PBXBuildFile; fileRef = 8FA68AD41B424491001B5282 /* SecondViewController.swift */; };
/* End PBXBuildFile section */

/* Begin PBXContainerItemProxy section */
		8FA68AC31B411941001B5282 /* PBXContainerItemProxy */ = {
			isa = PBXContainerItemProxy;
			containerPortal = 8FA68AA51B411941001B5282 /* Project object */;
			proxyType = 1;
			remoteGlobalIDString = 8FA68AAC1B411941001B5282;
			remoteInfo = MaterialButton;
		};
/* End PBXContainerItemProxy section */

/* Begin PBXFileReference section */
		8FA68AAD1B411941001B5282 /* MaterialButton.app */ = {isa = PBXFileReference; explicitFileType = wrapper.application; includeInIndex = 0; path = MaterialButton.app; sourceTree = BUILT_PRODUCTS_DIR; };
		8FA68AB11B411941001B5282 /* Info.plist */ = {isa = PBXFileReference; lastKnownFileType = text.plist.xml; path = Info.plist; sourceTree = "<group>"; };
		8FA68AB21B411941001B5282 /* AppDelegate.swift */ = {isa = PBXFileReference; lastKnownFileType = sourcecode.swift; name = AppDelegate.swift; path = MaterialButton/AppDelegate.swift; sourceTree = "<group>"; };
		8FA68AB41B411941001B5282 /* ViewController.swift */ = {isa = PBXFileReference; lastKnownFileType = sourcecode.swift; name = ViewController.swift; path = MaterialButton/ViewController.swift; sourceTree = "<group>"; };
		8FA68AB71B411941001B5282 /* Base */ = {isa = PBXFileReference; lastKnownFileType = file.storyboard; name = Base; path = Base.lproj/Main.storyboard; sourceTree = "<group>"; };
		8FA68AB91B411941001B5282 /* Images.xcassets */ = {isa = PBXFileReference; lastKnownFileType = folder.assetcatalog; name = Images.xcassets; path = MaterialButton/Images.xcassets; sourceTree = "<group>"; };
		8FA68ABC1B411941001B5282 /* Base */ = {isa = PBXFileReference; lastKnownFileType = file.xib; name = Base; path = Base.lproj/LaunchScreen.xib; sourceTree = "<group>"; };
		8FA68AC21B411941001B5282 /* MaterialButtonTests.xctest */ = {isa = PBXFileReference; explicitFileType = wrapper.cfbundle; includeInIndex = 0; path = MaterialButtonTests.xctest; sourceTree = BUILT_PRODUCTS_DIR; };
		8FA68AC71B411941001B5282 /* Info.plist */ = {isa = PBXFileReference; lastKnownFileType = text.plist.xml; path = Info.plist; sourceTree = "<group>"; };
		8FA68AC81B411941001B5282 /* MaterialButtonTests.swift */ = {isa = PBXFileReference; lastKnownFileType = sourcecode.swift; path = MaterialButtonTests.swift; sourceTree = "<group>"; };
		8FA68AD21B41195A001B5282 /* MaterialButton.swift */ = {isa = PBXFileReference; fileEncoding = 4; lastKnownFileType = sourcecode.swift; name = MaterialButton.swift; path = ../../Source/MaterialButton.swift; sourceTree = "<group>"; };
		8FA68AD41B424491001B5282 /* SecondViewController.swift */ = {isa = PBXFileReference; fileEncoding = 4; lastKnownFileType = sourcecode.swift; name = SecondViewController.swift; path = MaterialButton/SecondViewController.swift; sourceTree = "<group>"; };
/* End PBXFileReference section */

/* Begin PBXFrameworksBuildPhase section */
		8FA68AAA1B411941001B5282 /* Frameworks */ = {
			isa = PBXFrameworksBuildPhase;
			buildActionMask = 2147483647;
			files = (
			);
			runOnlyForDeploymentPostprocessing = 0;
		};
		8FA68ABF1B411941001B5282 /* Frameworks */ = {
			isa = PBXFrameworksBuildPhase;
			buildActionMask = 2147483647;
			files = (
			);
			runOnlyForDeploymentPostprocessing = 0;
		};
/* End PBXFrameworksBuildPhase section */

/* Begin PBXGroup section */
		8FA68AA41B411941001B5282 = {
			isa = PBXGroup;
			children = (
				8FA68AD61B426FBE001B5282 /* Example */,
				8FA68AAF1B411941001B5282 /* MaterialButton */,
			);
			sourceTree = "<group>";
		};
		8FA68AAE1B411941001B5282 /* Products */ = {
			isa = PBXGroup;
			children = (
				8FA68AAD1B411941001B5282 /* MaterialButton.app */,
				8FA68AC21B411941001B5282 /* MaterialButtonTests.xctest */,
			);
			name = Products;
			sourceTree = "<group>";
		};
		8FA68AAF1B411941001B5282 /* MaterialButton */ = {
			isa = PBXGroup;
			children = (
				8FA68AD21B41195A001B5282 /* MaterialButton.swift */,
			);
			path = MaterialButton;
			sourceTree = "<group>";
		};
		8FA68AB01B411941001B5282 /* Supporting Files */ = {
			isa = PBXGroup;
			children = (
				8FA68AB11B411941001B5282 /* Info.plist */,
			);
			name = "Supporting Files";
			path = MaterialButton;
			sourceTree = "<group>";
		};
		8FA68AC51B411941001B5282 /* MaterialButtonTests */ = {
			isa = PBXGroup;
			children = (
				8FA68AC81B411941001B5282 /* MaterialButtonTests.swift */,
				8FA68AC61B411941001B5282 /* Supporting Files */,
			);
			path = MaterialButtonTests;
			sourceTree = SOURCE_ROOT;
		};
		8FA68AC61B411941001B5282 /* Supporting Files */ = {
			isa = PBXGroup;
			children = (
				8FA68AC71B411941001B5282 /* Info.plist */,
			);
			name = "Supporting Files";
			sourceTree = "<group>";
		};
		8FA68AD61B426FBE001B5282 /* Example */ = {
			isa = PBXGroup;
			children = (
				8FA68AB21B411941001B5282 /* AppDelegate.swift */,
				8FA68AB41B411941001B5282 /* ViewController.swift */,
				8FA68AD41B424491001B5282 /* SecondViewController.swift */,
				8FA68AB61B411941001B5282 /* Main.storyboard */,
				8FA68AB91B411941001B5282 /* Images.xcassets */,
				8FA68ABB1B411941001B5282 /* LaunchScreen.xib */,
				8FA68AC51B411941001B5282 /* MaterialButtonTests */,
				8FA68AAE1B411941001B5282 /* Products */,
				8FA68AB01B411941001B5282 /* Supporting Files */,
			);
			name = Example;
			sourceTree = "<group>";
		};
/* End PBXGroup section */

/* Begin PBXNativeTarget section */
		8FA68AAC1B411941001B5282 /* MaterialButton */ = {
			isa = PBXNativeTarget;
			buildConfigurationList = 8FA68ACC1B411941001B5282 /* Build configuration list for PBXNativeTarget "MaterialButton" */;
			buildPhases = (
				8FA68AA91B411941001B5282 /* Sources */,
				8FA68AAA1B411941001B5282 /* Frameworks */,
				8FA68AAB1B411941001B5282 /* Resources */,
			);
			buildRules = (
			);
			dependencies = (
			);
			name = MaterialButton;
			productName = MaterialButton;
			productReference = 8FA68AAD1B411941001B5282 /* MaterialButton.app */;
			productType = "com.apple.product-type.application";
		};
		8FA68AC11B411941001B5282 /* MaterialButtonTests */ = {
			isa = PBXNativeTarget;
			buildConfigurationList = 8FA68ACF1B411941001B5282 /* Build configuration list for PBXNativeTarget "MaterialButtonTests" */;
			buildPhases = (
				8FA68ABE1B411941001B5282 /* Sources */,
				8FA68ABF1B411941001B5282 /* Frameworks */,
				8FA68AC01B411941001B5282 /* Resources */,
			);
			buildRules = (
			);
			dependencies = (
				8FA68AC41B411941001B5282 /* PBXTargetDependency */,
			);
			name = MaterialButtonTests;
			productName = MaterialButtonTests;
			productReference = 8FA68AC21B411941001B5282 /* MaterialButtonTests.xctest */;
			productType = "com.apple.product-type.bundle.unit-test";
		};
/* End PBXNativeTarget section */

/* Begin PBXProject section */
		8FA68AA51B411941001B5282 /* Project object */ = {
			isa = PBXProject;
			attributes = {
				LastUpgradeCheck = 0630;
				ORGANIZATIONNAME = "木藤 紘介";
				TargetAttributes = {
					8FA68AAC1B411941001B5282 = {
						CreatedOnToolsVersion = 6.3.2;
					};
					8FA68AC11B411941001B5282 = {
						CreatedOnToolsVersion = 6.3.2;
						TestTargetID = 8FA68AAC1B411941001B5282;
					};
				};
			};
			buildConfigurationList = 8FA68AA81B411941001B5282 /* Build configuration list for PBXProject "MaterialButton" */;
			compatibilityVersion = "Xcode 3.2";
			developmentRegion = English;
			hasScannedForEncodings = 0;
			knownRegions = (
				en,
				Base,
			);
			mainGroup = 8FA68AA41B411941001B5282;
			productRefGroup = 8FA68AAE1B411941001B5282 /* Products */;
			projectDirPath = "";
			projectRoot = "";
			targets = (
				8FA68AAC1B411941001B5282 /* MaterialButton */,
				8FA68AC11B411941001B5282 /* MaterialButtonTests */,
			);
		};
/* End PBXProject section */

/* Begin PBXResourcesBuildPhase section */
		8FA68AAB1B411941001B5282 /* Resources */ = {
			isa = PBXResourcesBuildPhase;
			buildActionMask = 2147483647;
			files = (
				8FA68AB81B411941001B5282 /* Main.storyboard in Resources */,
				8FA68ABD1B411941001B5282 /* LaunchScreen.xib in Resources */,
				8FA68ABA1B411941001B5282 /* Images.xcassets in Resources */,
			);
			runOnlyForDeploymentPostprocessing = 0;
		};
		8FA68AC01B411941001B5282 /* Resources */ = {
			isa = PBXResourcesBuildPhase;
			buildActionMask = 2147483647;
			files = (
			);
			runOnlyForDeploymentPostprocessing = 0;
		};
/* End PBXResourcesBuildPhase section */

/* Begin PBXSourcesBuildPhase section */
		8FA68AA91B411941001B5282 /* Sources */ = {
			isa = PBXSourcesBuildPhase;
			buildActionMask = 2147483647;
			files = (
				8FA68AD51B424491001B5282 /* SecondViewController.swift in Sources */,
				8FA68AB51B411941001B5282 /* ViewController.swift in Sources */,
				8FA68AB31B411941001B5282 /* AppDelegate.swift in Sources */,
				8FA68AD31B41195A001B5282 /* MaterialButton.swift in Sources */,
			);
			runOnlyForDeploymentPostprocessing = 0;
		};
		8FA68ABE1B411941001B5282 /* Sources */ = {
			isa = PBXSourcesBuildPhase;
			buildActionMask = 2147483647;
			files = (
				8FA68AC91B411941001B5282 /* MaterialButtonTests.swift in Sources */,
			);
			runOnlyForDeploymentPostprocessing = 0;
		};
/* End PBXSourcesBuildPhase section */

/* Begin PBXTargetDependency section */
		8FA68AC41B411941001B5282 /* PBXTargetDependency */ = {
			isa = PBXTargetDependency;
			target = 8FA68AAC1B411941001B5282 /* MaterialButton */;
			targetProxy = 8FA68AC31B411941001B5282 /* PBXContainerItemProxy */;
		};
/* End PBXTargetDependency section */

/* Begin PBXVariantGroup section */
		8FA68AB61B411941001B5282 /* Main.storyboard */ = {
			isa = PBXVariantGroup;
			children = (
				8FA68AB71B411941001B5282 /* Base */,
			);
			name = Main.storyboard;
			path = MaterialButton;
			sourceTree = "<group>";
		};
		8FA68ABB1B411941001B5282 /* LaunchScreen.xib */ = {
			isa = PBXVariantGroup;
			children = (
				8FA68ABC1B411941001B5282 /* Base */,
			);
			name = LaunchScreen.xib;
			path = MaterialButton;
			sourceTree = "<group>";
		};
/* End PBXVariantGroup section */

/* Begin XCBuildConfiguration section */
		8FA68ACA1B411941001B5282 /* Debug */ = {
			isa = XCBuildConfiguration;
			buildSettings = {
				ALWAYS_SEARCH_USER_PATHS = NO;
				CLANG_CXX_LANGUAGE_STANDARD = "gnu++0x";
				CLANG_CXX_LIBRARY = "libc++";
				CLANG_ENABLE_MODULES = YES;
				CLANG_ENABLE_OBJC_ARC = YES;
				CLANG_WARN_BOOL_CONVERSION = YES;
				CLANG_WARN_CONSTANT_CONVERSION = YES;
				CLANG_WARN_DIRECT_OBJC_ISA_USAGE = YES_ERROR;
				CLANG_WARN_EMPTY_BODY = YES;
				CLANG_WARN_ENUM_CONVERSION = YES;
				CLANG_WARN_INT_CONVERSION = YES;
				CLANG_WARN_OBJC_ROOT_CLASS = YES_ERROR;
				CLANG_WARN_UNREACHABLE_CODE = YES;
				CLANG_WARN__DUPLICATE_METHOD_MATCH = YES;
				"CODE_SIGN_IDENTITY[sdk=iphoneos*]" = "iPhone Developer";
				COPY_PHASE_STRIP = NO;
				DEBUG_INFORMATION_FORMAT = "dwarf-with-dsym";
				ENABLE_STRICT_OBJC_MSGSEND = YES;
				GCC_C_LANGUAGE_STANDARD = gnu99;
				GCC_DYNAMIC_NO_PIC = NO;
				GCC_NO_COMMON_BLOCKS = YES;
				GCC_OPTIMIZATION_LEVEL = 0;
				GCC_PREPROCESSOR_DEFINITIONS = (
					"DEBUG=1",
					"$(inherited)",
				);
				GCC_SYMBOLS_PRIVATE_EXTERN = NO;
				GCC_WARN_64_TO_32_BIT_CONVERSION = YES;
				GCC_WARN_ABOUT_RETURN_TYPE = YES_ERROR;
				GCC_WARN_UNDECLARED_SELECTOR = YES;
				GCC_WARN_UNINITIALIZED_AUTOS = YES_AGGRESSIVE;
				GCC_WARN_UNUSED_FUNCTION = YES;
				GCC_WARN_UNUSED_VARIABLE = YES;
				IPHONEOS_DEPLOYMENT_TARGET = 8.3;
				MTL_ENABLE_DEBUG_INFO = YES;
				ONLY_ACTIVE_ARCH = YES;
				SDKROOT = iphoneos;
				SWIFT_OPTIMIZATION_LEVEL = "-Onone";
				TARGETED_DEVICE_FAMILY = "1,2";
			};
			name = Debug;
		};
		8FA68ACB1B411941001B5282 /* Release */ = {
			isa = XCBuildConfiguration;
			buildSettings = {
				ALWAYS_SEARCH_USER_PATHS = NO;
				CLANG_CXX_LANGUAGE_STANDARD = "gnu++0x";
				CLANG_CXX_LIBRARY = "libc++";
				CLANG_ENABLE_MODULES = YES;
				CLANG_ENABLE_OBJC_ARC = YES;
				CLANG_WARN_BOOL_CONVERSION = YES;
				CLANG_WARN_CONSTANT_CONVERSION = YES;
				CLANG_WARN_DIRECT_OBJC_ISA_USAGE = YES_ERROR;
				CLANG_WARN_EMPTY_BODY = YES;
				CLANG_WARN_ENUM_CONVERSION = YES;
				CLANG_WARN_INT_CONVERSION = YES;
				CLANG_WARN_OBJC_ROOT_CLASS = YES_ERROR;
				CLANG_WARN_UNREACHABLE_CODE = YES;
				CLANG_WARN__DUPLICATE_METHOD_MATCH = YES;
				"CODE_SIGN_IDENTITY[sdk=iphoneos*]" = "iPhone Developer";
				COPY_PHASE_STRIP = NO;
				DEBUG_INFORMATION_FORMAT = "dwarf-with-dsym";
				ENABLE_NS_ASSERTIONS = NO;
				ENABLE_STRICT_OBJC_MSGSEND = YES;
				GCC_C_LANGUAGE_STANDARD = gnu99;
				GCC_NO_COMMON_BLOCKS = YES;
				GCC_WARN_64_TO_32_BIT_CONVERSION = YES;
				GCC_WARN_ABOUT_RETURN_TYPE = YES_ERROR;
				GCC_WARN_UNDECLARED_SELECTOR = YES;
				GCC_WARN_UNINITIALIZED_AUTOS = YES_AGGRESSIVE;
				GCC_WARN_UNUSED_FUNCTION = YES;
				GCC_WARN_UNUSED_VARIABLE = YES;
				IPHONEOS_DEPLOYMENT_TARGET = 8.3;
				MTL_ENABLE_DEBUG_INFO = NO;
				SDKROOT = iphoneos;
				TARGETED_DEVICE_FAMILY = "1,2";
				VALIDATE_PRODUCT = YES;
			};
			name = Release;
		};
		8FA68ACD1B411941001B5282 /* Debug */ = {
			isa = XCBuildConfiguration;
			buildSettings = {
				ASSETCATALOG_COMPILER_APPICON_NAME = AppIcon;
				INFOPLIST_FILE = MaterialButton/Info.plist;
				LD_RUNPATH_SEARCH_PATHS = "$(inherited) @executable_path/Frameworks";
				PRODUCT_NAME = "$(TARGET_NAME)";
			};
			name = Debug;
		};
		8FA68ACE1B411941001B5282 /* Release */ = {
			isa = XCBuildConfiguration;
			buildSettings = {
				ASSETCATALOG_COMPILER_APPICON_NAME = AppIcon;
				INFOPLIST_FILE = MaterialButton/Info.plist;
				LD_RUNPATH_SEARCH_PATHS = "$(inherited) @executable_path/Frameworks";
				PRODUCT_NAME = "$(TARGET_NAME)";
			};
			name = Release;
		};
		8FA68AD01B411941001B5282 /* Debug */ = {
			isa = XCBuildConfiguration;
			buildSettings = {
				BUNDLE_LOADER = "$(TEST_HOST)";
				FRAMEWORK_SEARCH_PATHS = (
					"$(SDKROOT)/Developer/Library/Frameworks",
					"$(inherited)",
				);
				GCC_PREPROCESSOR_DEFINITIONS = (
					"DEBUG=1",
					"$(inherited)",
				);
				INFOPLIST_FILE = MaterialButtonTests/Info.plist;
				LD_RUNPATH_SEARCH_PATHS = "$(inherited) @executable_path/Frameworks @loader_path/Frameworks";
				PRODUCT_NAME = "$(TARGET_NAME)";
				TEST_HOST = "$(BUILT_PRODUCTS_DIR)/MaterialButton.app/MaterialButton";
			};
			name = Debug;
		};
		8FA68AD11B411941001B5282 /* Release */ = {
			isa = XCBuildConfiguration;
			buildSettings = {
				BUNDLE_LOADER = "$(TEST_HOST)";
				FRAMEWORK_SEARCH_PATHS = (
					"$(SDKROOT)/Developer/Library/Frameworks",
					"$(inherited)",
				);
				INFOPLIST_FILE = MaterialButtonTests/Info.plist;
				LD_RUNPATH_SEARCH_PATHS = "$(inherited) @executable_path/Frameworks @loader_path/Frameworks";
				PRODUCT_NAME = "$(TARGET_NAME)";
				TEST_HOST = "$(BUILT_PRODUCTS_DIR)/MaterialButton.app/MaterialButton";
			};
			name = Release;
		};
/* End XCBuildConfiguration section */

/* Begin XCConfigurationList section */
		8FA68AA81B411941001B5282 /* Build configuration list for PBXProject "MaterialButton" */ = {
			isa = XCConfigurationList;
			buildConfigurations = (
				8FA68ACA1B411941001B5282 /* Debug */,
				8FA68ACB1B411941001B5282 /* Release */,
			);
			defaultConfigurationIsVisible = 0;
			defaultConfigurationName = Release;
		};
		8FA68ACC1B411941001B5282 /* Build configuration list for PBXNativeTarget "MaterialButton" */ = {
			isa = XCConfigurationList;
			buildConfigurations = (
				8FA68ACD1B411941001B5282 /* Debug */,
				8FA68ACE1B411941001B5282 /* Release */,
			);
			defaultConfigurationIsVisible = 0;
			defaultConfigurationName = Release;
		};
		8FA68ACF1B411941001B5282 /* Build configuration list for PBXNativeTarget "MaterialButtonTests" */ = {
			isa = XCConfigurationList;
			buildConfigurations = (
				8FA68AD01B411941001B5282 /* Debug */,
				8FA68AD11B411941001B5282 /* Release */,
			);
			defaultConfigurationIsVisible = 0;
			defaultConfigurationName = Release;
		};
/* End XCConfigurationList section */
	};
	rootObject = 8FA68AA51B411941001B5282 /* Project object */;
}
